
Microsoft Visual Studio Solution File, Format Version 12.00
# Visual Studio Version 17
VisualStudioVersion = 17.12.35527.113 d17.12
MinimumVisualStudioVersion = 10.0.40219.1
Project("{FAE04EC0-301F-11D3-BF4B-00C04F79EFBC}") = "Shop.Api", "Shop.Api\Shop.Api.csproj", "{1F65908A-4E60-48E7-9544-325BC113C058}"
EndProject
Project("{FAE04EC0-301F-11D3-BF4B-00C04F79EFBC}") = "Shop.DataHub", "Shop.DataHub\Shop.DataHub.csproj", "{51BBBDC5-0791-4220-AAE4-D69A14C9F2CD}"
EndProject
Project("{FAE04EC0-301F-11D3-BF4B-00C04F79EFBC}") = "Shop.Service", "Shop.Service\Shop.Service.csproj", "{5A3E91D6-964E-49E0-BC75-6ED9A4D3AA5E}"
EndProject
Global
	GlobalSection(SolutionConfigurationPlatforms) = preSolution
		Debug|Any CPU = Debug|Any CPU
		Release|Any CPU = Release|Any CPU
	EndGlobalSection
	GlobalSection(ProjectConfigurationPlatforms) = postSolution
		{1F65908A-4E60-48E7-9544-325BC113C058}.Debug|Any CPU.ActiveCfg = Debug|Any CPU
		{1F65908A-4E60-48E7-9544-325BC113C058}.Debug|Any CPU.Build.0 = Debug|Any CPU
		{1F65908A-4E60-48E7-9544-325BC113C058}.Release|Any CPU.ActiveCfg = Release|Any CPU
		{1F65908A-4E60-48E7-9544-325BC113C058}.Release|Any CPU.Build.0 = Release|Any CPU
		{51BBBDC5-0791-4220-AAE4-D69A14C9F2CD}.Debug|Any CPU.ActiveCfg = Debug|Any CPU
		{51BBBDC5-0791-4220-AAE4-D69A14C9F2CD}.Debug|Any CPU.Build.0 = Debug|Any CPU
		{51BBBDC5-0791-4220-AAE4-D69A14C9F2CD}.Release|Any CPU.ActiveCfg = Release|Any CPU
		{51BBBDC5-0791-4220-AAE4-D69A14C9F2CD}.Release|Any CPU.Build.0 = Release|Any CPU
		{5A3E91D6-964E-49E0-BC75-6ED9A4D3AA5E}.Debug|Any CPU.ActiveCfg = Debug|Any CPU
		{5A3E91D6-964E-49E0-BC75-6ED9A4D3AA5E}.Debug|Any CPU.Build.0 = Debug|Any CPU
		{5A3E91D6-964E-49E0-BC75-6ED9A4D3AA5E}.Release|Any CPU.ActiveCfg = Release|Any CPU
		{5A3E91D6-964E-49E0-BC75-6ED9A4D3AA5E}.Release|Any CPU.Build.0 = Release|Any CPU
	EndGlobalSection
	GlobalSection(SolutionProperties) = preSolution
		HideSolutionNode = FALSE
	EndGlobalSection
EndGlobal
